
Microsoft Visual Studio Solution File, Format Version 12.00
# Visual Studio Version 16
VisualStudioVersion = 16.0.29728.190
MinimumVisualStudioVersion = 10.0.40219.1
Project("{9A19103F-16F7-4668-BE54-9A1E7A4F7556}") = "GitClient", "GitClient.csproj", "{DAF7C949-9838-4EF6-982F-F039A2B5F5CD}"
EndProject
Global
	GlobalSection(SolutionConfigurationPlatforms) = preSolution
		Debug|Any CPU = Debug|Any CPU
		Release|Any CPU = Release|Any CPU
	EndGlobalSection
	GlobalSection(ProjectConfigurationPlatforms) = postSolution
		{DAF7C949-9838-4EF6-982F-F039A2B5F5CD}.Debug|Any CPU.ActiveCfg = Debug|Any CPU
		{DAF7C949-9838-4EF6-982F-F039A2B5F5CD}.Debug|Any CPU.Build.0 = Debug|Any CPU
		{DAF7C949-9838-4EF6-982F-F039A2B5F5CD}.Release|Any CPU.ActiveCfg = Release|Any CPU
		{DAF7C949-9838-4EF6-982F-F039A2B5F5CD}.Release|Any CPU.Build.0 = Release|Any CPU
	EndGlobalSection
	GlobalSection(SolutionProperties) = preSolution
		HideSolutionNode = FALSE
	EndGlobalSection
	GlobalSection(ExtensibilityGlobals) = postSolution
		SolutionGuid = {B3CAC006-5C00-4A47-A4CE-CC8E7BF9BE9B}
	EndGlobalSection
EndGlobal
